{
  "requires": true,
  "lockfileVersion": 1,
  "dependencies": {
    "@trevoreyre/autocomplete-vue": {
      "version": "2.1.0",
      "resolved": "https://registry.npmjs.org/@trevoreyre/autocomplete-vue/-/autocomplete-vue-2.1.0.tgz",
      "integrity": "sha512-N3qShgDwNgoHsvQ1X4iF2aKJ8vhGMz+xzmQbKCALu1PY4M827l5r62vcE7Gp/CyVeYumeFwC5OfVJyozDfkjLg=="
    }
  }
}
